// !$*UTF8*$!
{
	archiveVersion = 1;
	classes = {
	};
	objectVersion = 48;
	objects = {

/* Begin PBXBuildFile section */
		BE48711A204E3F4B0067BE83 /* Alamofire.framework in Frameworks */ = {isa = PBXBuildFile; fileRef = BE487109204E3F0D0067BE83 /* Alamofire.framework */; };
		BE48711B204E3F4C0067BE83 /* Alamofire.framework in Embed Frameworks */ = {isa = PBXBuildFile; fileRef = BE487109204E3F0D0067BE83 /* Alamofire.framework */; settings = {ATTRIBUTES = (CodeSignOnCopy, RemoveHeadersOnCopy, ); }; };
		BE48711E204E486E0067BE83 /* APILabel.swift in Sources */ = {isa = PBXBuildFile; fileRef = BE48711D204E486E0067BE83 /* APILabel.swift */; };
		BEE21EC3204E1B62002464DE /* AppDelegate.swift in Sources */ = {isa = PBXBuildFile; fileRef = BEE21EC2204E1B62002464DE /* AppDelegate.swift */; };
		BEE21EC5204E1B62002464DE /* ViewController.swift in Sources */ = {isa = PBXBuildFile; fileRef = BEE21EC4204E1B62002464DE /* ViewController.swift */; };
		BEE21EC8204E1B63002464DE /* Main.storyboard in Resources */ = {isa = PBXBuildFile; fileRef = BEE21EC6204E1B63002464DE /* Main.storyboard */; };
		BEE21ECA204E1B63002464DE /* Assets.xcassets in Resources */ = {isa = PBXBuildFile; fileRef = BEE21EC9204E1B63002464DE /* Assets.xcassets */; };
		BEE21ECD204E1B63002464DE /* LaunchScreen.storyboard in Resources */ = {isa = PBXBuildFile; fileRef = BEE21ECB204E1B63002464DE /* LaunchScreen.storyboard */; };
		BEE21EE2204E29BA002464DE /* APIMessage.swift in Sources */ = {isa = PBXBuildFile; fileRef = BEE21EE1204E29BA002464DE /* APIMessage.swift */; };
		BEE21EE6204E2F68002464DE /* ChatManager.swift in Sources */ = {isa = PBXBuildFile; fileRef = BEE21EE5204E2F68002464DE /* ChatManager.swift */; };
		BEE21EE9204E31EE002464DE /* APIButton.swift in Sources */ = {isa = PBXBuildFile; fileRef = BEE21EE8204E31EE002464DE /* APIButton.swift */; };
		BEE21EEB204E3239002464DE /* APIInput.swift in Sources */ = {isa = PBXBuildFile; fileRef = BEE21EEA204E3239002464DE /* APIInput.swift */; };
		BEE21EEE204E32DD002464DE /* APIResponse.swift in Sources */ = {isa = PBXBuildFile; fileRef = BEE21EED204E32DD002464DE /* APIResponse.swift */; };
		BEE21EF2204E3613002464DE /* APIRequest.swift in Sources */ = {isa = PBXBuildFile; fileRef = BEE21EF1204E3613002464DE /* APIRequest.swift */; };
		EE93B0CD204ED2AC00235DC2 /* ChatViewController.swift in Sources */ = {isa = PBXBuildFile; fileRef = EE93B0CC204ED2AC00235DC2 /* ChatViewController.swift */; };
		EE93B0D3204EE04100235DC2 /* MessageView.swift in Sources */ = {isa = PBXBuildFile; fileRef = EE93B0D2204EE04100235DC2 /* MessageView.swift */; };
		EE93B0D6204EE26900235DC2 /* UserMessageView.swift in Sources */ = {isa = PBXBuildFile; fileRef = EE93B0D5204EE26900235DC2 /* UserMessageView.swift */; };
		EE93B0D8204EFE9000235DC2 /* BotMessageView.swift in Sources */ = {isa = PBXBuildFile; fileRef = EE93B0D7204EFE9000235DC2 /* BotMessageView.swift */; };
		EE93B0DB204F05CF00235DC2 /* UITextField.swift in Sources */ = {isa = PBXBuildFile; fileRef = EE93B0DA204F05CF00235DC2 /* UITextField.swift */; };
		EE93B0DD204F062800235DC2 /* MessageTextParser.swift in Sources */ = {isa = PBXBuildFile; fileRef = EE93B0DC204F062800235DC2 /* MessageTextParser.swift */; };
/* End PBXBuildFile section */

/* Begin PBXCopyFilesBuildPhase section */
		BE48711C204E3F4C0067BE83 /* Embed Frameworks */ = {
			isa = PBXCopyFilesBuildPhase;
			buildActionMask = 2147483647;
			dstPath = "";
			dstSubfolderSpec = 10;
			files = (
				BE48711B204E3F4C0067BE83 /* Alamofire.framework in Embed Frameworks */,
			);
			name = "Embed Frameworks";
			runOnlyForDeploymentPostprocessing = 0;
		};
/* End PBXCopyFilesBuildPhase section */

/* Begin PBXFileReference section */
		BE4870F5204E394F0067BE83 /* Alamofire.framework */ = {isa = PBXFileReference; lastKnownFileType = wrapper.framework; name = Alamofire.framework; path = Carthage/Build/iOS/Alamofire.framework; sourceTree = "<group>"; };
		BE487106204E3F0D0067BE83 /* .Alamofire.version */ = {isa = PBXFileReference; lastKnownFileType = text; path = .Alamofire.version; sourceTree = "<group>"; };
		BE487108204E3F0D0067BE83 /* 0695B7EE-7B31-3086-8D8F-265E6FB1626F.bcsymbolmap */ = {isa = PBXFileReference; lastKnownFileType = text; path = "0695B7EE-7B31-3086-8D8F-265E6FB1626F.bcsymbolmap"; sourceTree = "<group>"; };
		BE487109204E3F0D0067BE83 /* Alamofire.framework */ = {isa = PBXFileReference; lastKnownFileType = wrapper.framework; path = Alamofire.framework; sourceTree = "<group>"; };
		BE48710A204E3F0D0067BE83 /* Alamofire.framework.dSYM */ = {isa = PBXFileReference; lastKnownFileType = wrapper.dsym; path = Alamofire.framework.dSYM; sourceTree = "<group>"; };
		BE48710B204E3F0D0067BE83 /* E783CD98-B5FF-3BD2-B4D8-EC5C4624C09C.bcsymbolmap */ = {isa = PBXFileReference; lastKnownFileType = text; path = "E783CD98-B5FF-3BD2-B4D8-EC5C4624C09C.bcsymbolmap"; sourceTree = "<group>"; };
		BE48710D204E3F0D0067BE83 /* Alamofire.framework */ = {isa = PBXFileReference; lastKnownFileType = wrapper.framework; path = Alamofire.framework; sourceTree = "<group>"; };
		BE48710E204E3F0D0067BE83 /* Alamofire.framework.dSYM */ = {isa = PBXFileReference; lastKnownFileType = wrapper.dsym; path = Alamofire.framework.dSYM; sourceTree = "<group>"; };
		BE487110204E3F0D0067BE83 /* 7B4C8237-0BEF-3957-844B-42CF3A447236.bcsymbolmap */ = {isa = PBXFileReference; lastKnownFileType = text; path = "7B4C8237-0BEF-3957-844B-42CF3A447236.bcsymbolmap"; sourceTree = "<group>"; };
		BE487111204E3F0D0067BE83 /* Alamofire.framework */ = {isa = PBXFileReference; lastKnownFileType = wrapper.framework; path = Alamofire.framework; sourceTree = "<group>"; };
		BE487112204E3F0D0067BE83 /* Alamofire.framework.dSYM */ = {isa = PBXFileReference; lastKnownFileType = wrapper.dsym; path = Alamofire.framework.dSYM; sourceTree = "<group>"; };
		BE487114204E3F0D0067BE83 /* Alamofire.framework */ = {isa = PBXFileReference; lastKnownFileType = wrapper.framework; path = Alamofire.framework; sourceTree = "<group>"; };
		BE487115204E3F0D0067BE83 /* Alamofire.framework.dSYM */ = {isa = PBXFileReference; lastKnownFileType = wrapper.dsym; path = Alamofire.framework.dSYM; sourceTree = "<group>"; };
		BE487116204E3F0D0067BE83 /* C78D6229-3294-30BC-9BAA-494DAD354457.bcsymbolmap */ = {isa = PBXFileReference; lastKnownFileType = text; path = "C78D6229-3294-30BC-9BAA-494DAD354457.bcsymbolmap"; sourceTree = "<group>"; };
		BE48711D204E486E0067BE83 /* APILabel.swift */ = {isa = PBXFileReference; lastKnownFileType = sourcecode.swift; path = APILabel.swift; sourceTree = "<group>"; };
		BEE21EBF204E1B62002464DE /* SuitabilityChat.app */ = {isa = PBXFileReference; explicitFileType = wrapper.application; includeInIndex = 0; path = SuitabilityChat.app; sourceTree = BUILT_PRODUCTS_DIR; };
		BEE21EC2204E1B62002464DE /* AppDelegate.swift */ = {isa = PBXFileReference; lastKnownFileType = sourcecode.swift; path = AppDelegate.swift; sourceTree = "<group>"; };
		BEE21EC4204E1B62002464DE /* ViewController.swift */ = {isa = PBXFileReference; lastKnownFileType = sourcecode.swift; path = ViewController.swift; sourceTree = "<group>"; };
		BEE21EC7204E1B63002464DE /* Base */ = {isa = PBXFileReference; lastKnownFileType = file.storyboard; name = Base; path = Base.lproj/Main.storyboard; sourceTree = "<group>"; };
		BEE21EC9204E1B63002464DE /* Assets.xcassets */ = {isa = PBXFileReference; lastKnownFileType = folder.assetcatalog; path = Assets.xcassets; sourceTree = "<group>"; };
		BEE21ECC204E1B63002464DE /* Base */ = {isa = PBXFileReference; lastKnownFileType = file.storyboard; name = Base; path = Base.lproj/LaunchScreen.storyboard; sourceTree = "<group>"; };
		BEE21ECE204E1B63002464DE /* Info.plist */ = {isa = PBXFileReference; lastKnownFileType = text.plist.xml; path = Info.plist; sourceTree = "<group>"; };
		BEE21EE1204E29BA002464DE /* APIMessage.swift */ = {isa = PBXFileReference; lastKnownFileType = sourcecode.swift; path = APIMessage.swift; sourceTree = "<group>"; };
		BEE21EE5204E2F68002464DE /* ChatManager.swift */ = {isa = PBXFileReference; lastKnownFileType = sourcecode.swift; path = ChatManager.swift; sourceTree = "<group>"; };
		BEE21EE8204E31EE002464DE /* APIButton.swift */ = {isa = PBXFileReference; lastKnownFileType = sourcecode.swift; path = APIButton.swift; sourceTree = "<group>"; };
		BEE21EEA204E3239002464DE /* APIInput.swift */ = {isa = PBXFileReference; lastKnownFileType = sourcecode.swift; path = APIInput.swift; sourceTree = "<group>"; };
		BEE21EED204E32DD002464DE /* APIResponse.swift */ = {isa = PBXFileReference; lastKnownFileType = sourcecode.swift; path = APIResponse.swift; sourceTree = "<group>"; };
		BEE21EF1204E3613002464DE /* APIRequest.swift */ = {isa = PBXFileReference; lastKnownFileType = sourcecode.swift; path = APIRequest.swift; sourceTree = "<group>"; };
		EE93B0CC204ED2AC00235DC2 /* ChatViewController.swift */ = {isa = PBXFileReference; lastKnownFileType = sourcecode.swift; path = ChatViewController.swift; sourceTree = "<group>"; };
		EE93B0D2204EE04100235DC2 /* MessageView.swift */ = {isa = PBXFileReference; lastKnownFileType = sourcecode.swift; path = MessageView.swift; sourceTree = "<group>"; };
		EE93B0D5204EE26900235DC2 /* UserMessageView.swift */ = {isa = PBXFileReference; lastKnownFileType = sourcecode.swift; path = UserMessageView.swift; sourceTree = "<group>"; };
		EE93B0D7204EFE9000235DC2 /* BotMessageView.swift */ = {isa = PBXFileReference; lastKnownFileType = sourcecode.swift; path = BotMessageView.swift; sourceTree = "<group>"; };
		EE93B0DA204F05CF00235DC2 /* UITextField.swift */ = {isa = PBXFileReference; lastKnownFileType = sourcecode.swift; path = UITextField.swift; sourceTree = "<group>"; };
		EE93B0DC204F062800235DC2 /* MessageTextParser.swift */ = {isa = PBXFileReference; lastKnownFileType = sourcecode.swift; path = MessageTextParser.swift; sourceTree = "<group>"; };
/* End PBXFileReference section */

/* Begin PBXFrameworksBuildPhase section */
		BEE21EBC204E1B62002464DE /* Frameworks */ = {
			isa = PBXFrameworksBuildPhase;
			buildActionMask = 2147483647;
			files = (
				BE48711A204E3F4B0067BE83 /* Alamofire.framework in Frameworks */,
			);
			runOnlyForDeploymentPostprocessing = 0;
		};
/* End PBXFrameworksBuildPhase section */

/* Begin PBXGroup section */
		BE4870F4204E394F0067BE83 /* Frameworks */ = {
			isa = PBXGroup;
			children = (
				BE487105204E3F0D0067BE83 /* Build */,
				BE4870F5204E394F0067BE83 /* Alamofire.framework */,
			);
			name = Frameworks;
			sourceTree = "<group>";
		};
		BE487105204E3F0D0067BE83 /* Build */ = {
			isa = PBXGroup;
			children = (
				BE487106204E3F0D0067BE83 /* .Alamofire.version */,
				BE487107204E3F0D0067BE83 /* iOS */,
				BE48710C204E3F0D0067BE83 /* Mac */,
				BE48710F204E3F0D0067BE83 /* tvOS */,
				BE487113204E3F0D0067BE83 /* watchOS */,
			);
			name = Build;
			path = Carthage/Build;
			sourceTree = "<group>";
		};
		BE487107204E3F0D0067BE83 /* iOS */ = {
			isa = PBXGroup;
			children = (
				BE487108204E3F0D0067BE83 /* 0695B7EE-7B31-3086-8D8F-265E6FB1626F.bcsymbolmap */,
				BE487109204E3F0D0067BE83 /* Alamofire.framework */,
				BE48710A204E3F0D0067BE83 /* Alamofire.framework.dSYM */,
				BE48710B204E3F0D0067BE83 /* E783CD98-B5FF-3BD2-B4D8-EC5C4624C09C.bcsymbolmap */,
			);
			path = iOS;
			sourceTree = "<group>";
		};
		BE48710C204E3F0D0067BE83 /* Mac */ = {
			isa = PBXGroup;
			children = (
				BE48710D204E3F0D0067BE83 /* Alamofire.framework */,
				BE48710E204E3F0D0067BE83 /* Alamofire.framework.dSYM */,
			);
			path = Mac;
			sourceTree = "<group>";
		};
		BE48710F204E3F0D0067BE83 /* tvOS */ = {
			isa = PBXGroup;
			children = (
				BE487110204E3F0D0067BE83 /* 7B4C8237-0BEF-3957-844B-42CF3A447236.bcsymbolmap */,
				BE487111204E3F0D0067BE83 /* Alamofire.framework */,
				BE487112204E3F0D0067BE83 /* Alamofire.framework.dSYM */,
			);
			path = tvOS;
			sourceTree = "<group>";
		};
		BE487113204E3F0D0067BE83 /* watchOS */ = {
			isa = PBXGroup;
			children = (
				BE487114204E3F0D0067BE83 /* Alamofire.framework */,
				BE487115204E3F0D0067BE83 /* Alamofire.framework.dSYM */,
				BE487116204E3F0D0067BE83 /* C78D6229-3294-30BC-9BAA-494DAD354457.bcsymbolmap */,
			);
			path = watchOS;
			sourceTree = "<group>";
		};
		BEE21EB6204E1B62002464DE = {
			isa = PBXGroup;
			children = (
				BEE21EC1204E1B62002464DE /* SuitabilityChat */,
				BEE21EC0204E1B62002464DE /* Products */,
				BE4870F4204E394F0067BE83 /* Frameworks */,
			);
			sourceTree = "<group>";
		};
		BEE21EC0204E1B62002464DE /* Products */ = {
			isa = PBXGroup;
			children = (
				BEE21EBF204E1B62002464DE /* SuitabilityChat.app */,
			);
			name = Products;
			sourceTree = "<group>";
		};
		BEE21EC1204E1B62002464DE /* SuitabilityChat */ = {
			isa = PBXGroup;
			children = (
				BEE21ED5204E23CE002464DE /* Application Delegate */,
				BEE21EDA204E2588002464DE /* Model */,
				BEE21ED6204E23D8002464DE /* View Controllers */,
				BEE21ED7204E23FF002464DE /* Storyboards */,
				BEE21ED9204E242D002464DE /* Resources */,
				BEE21ED8204E241F002464DE /* Supporting Files */,
			);
			path = SuitabilityChat;
			sourceTree = "<group>";
		};
		BEE21ED5204E23CE002464DE /* Application Delegate */ = {
			isa = PBXGroup;
			children = (
				BEE21EC2204E1B62002464DE /* AppDelegate.swift */,
			);
			path = "Application Delegate";
			sourceTree = "<group>";
		};
		BEE21ED6204E23D8002464DE /* View Controllers */ = {
			isa = PBXGroup;
			children = (
				EE93B0D0204EE01D00235DC2 /* Chat View Controller */,
				BEE21EC4204E1B62002464DE /* ViewController.swift */,
			);
			path = "View Controllers";
			sourceTree = "<group>";
		};
		BEE21ED7204E23FF002464DE /* Storyboards */ = {
			isa = PBXGroup;
			children = (
				BEE21EC6204E1B63002464DE /* Main.storyboard */,
				BEE21ECB204E1B63002464DE /* LaunchScreen.storyboard */,
			);
			path = Storyboards;
			sourceTree = "<group>";
		};
		BEE21ED8204E241F002464DE /* Supporting Files */ = {
			isa = PBXGroup;
			children = (
				BEE21ECE204E1B63002464DE /* Info.plist */,
			);
			path = "Supporting Files";
			sourceTree = "<group>";
		};
		BEE21ED9204E242D002464DE /* Resources */ = {
			isa = PBXGroup;
			children = (
				BEE21EC9204E1B63002464DE /* Assets.xcassets */,
			);
			path = Resources;
			sourceTree = "<group>";
		};
		BEE21EDA204E2588002464DE /* Model */ = {
			isa = PBXGroup;
			children = (
				EE93B0CF204ED35A00235DC2 /* Singletons */,
				BEE21EDB204E258E002464DE /* API Access */,
			);
			path = Model;
			sourceTree = "<group>";
		};
		BEE21EDB204E258E002464DE /* API Access */ = {
			isa = PBXGroup;
			children = (
				BEE21EE7204E31E4002464DE /* Structs */,
			);
			path = "API Access";
			sourceTree = "<group>";
		};
		BEE21EE7204E31E4002464DE /* Structs */ = {
			isa = PBXGroup;
			children = (
				BEE21EE8204E31EE002464DE /* APIButton.swift */,
				BEE21EEA204E3239002464DE /* APIInput.swift */,
				BEE21EE1204E29BA002464DE /* APIMessage.swift */,
				BEE21EED204E32DD002464DE /* APIResponse.swift */,
				BEE21EF1204E3613002464DE /* APIRequest.swift */,
				BE48711D204E486E0067BE83 /* APILabel.swift */,
			);
			path = Structs;
			sourceTree = "<group>";
		};
		BEE21EEC204E32A4002464DE /* Enums */ = {
			isa = PBXGroup;
			children = (
				BEE21EE3204E2B54002464DE /* APIState.swift */,
			);
			path = Enums;
			sourceTree = "<group>";
		};
		EE93B0CF204ED35A00235DC2 /* Singletons */ = {
			isa = PBXGroup;
			children = (
				BEE21EE5204E2F68002464DE /* ChatManager.swift */,
				EE93B0DC204F062800235DC2 /* MessageTextParser.swift */,
			);
			path = Singletons;
			sourceTree = "<group>";
		};
		EE93B0D0204EE01D00235DC2 /* Chat View Controller */ = {
			isa = PBXGroup;
			children = (
				EE93B0D9204F05BF00235DC2 /* Extensions */,
				EE93B0D4204EE25D00235DC2 /* Views */,
				EE93B0D1204EE02800235DC2 /* Protocols */,
				EE93B0CC204ED2AC00235DC2 /* ChatViewController.swift */,
			);
			path = "Chat View Controller";
			sourceTree = "<group>";
		};
		EE93B0D1204EE02800235DC2 /* Protocols */ = {
			isa = PBXGroup;
			children = (
				EE93B0D2204EE04100235DC2 /* MessageView.swift */,
			);
			path = Protocols;
			sourceTree = "<group>";
		};
		EE93B0D4204EE25D00235DC2 /* Views */ = {
			isa = PBXGroup;
			children = (
				EE93B0D5204EE26900235DC2 /* UserMessageView.swift */,
			);
			path = Views;
			sourceTree = "<group>";
		};
		EE93B0D9204F05BF00235DC2 /* Extensions */ = {
			isa = PBXGroup;
			children = (
				EE93B0DA204F05CF00235DC2 /* UITextField.swift */,
			);
			path = Extensions;
			sourceTree = "<group>";
		};
/* End PBXGroup section */

/* Begin PBXNativeTarget section */
		BEE21EBE204E1B62002464DE /* SuitabilityChat */ = {
			isa = PBXNativeTarget;
			buildConfigurationList = BEE21ED1204E1B63002464DE /* Build configuration list for PBXNativeTarget "SuitabilityChat" */;
			buildPhases = (
				BEE21EBB204E1B62002464DE /* Sources */,
				BEE21EBC204E1B62002464DE /* Frameworks */,
				BEE21EBD204E1B62002464DE /* Resources */,
				BEE21ED4204E1C4B002464DE /* ShellScript */,
				BE48711C204E3F4C0067BE83 /* Embed Frameworks */,
			);
			buildRules = (
			);
			dependencies = (
			);
			name = SuitabilityChat;
			productName = SuitabilityChat;
			productReference = BEE21EBF204E1B62002464DE /* SuitabilityChat.app */;
			productType = "com.apple.product-type.application";
		};
/* End PBXNativeTarget section */

/* Begin PBXProject section */
		BEE21EB7204E1B62002464DE /* Project object */ = {
			isa = PBXProject;
			attributes = {
				LastSwiftUpdateCheck = 0920;
				LastUpgradeCheck = 0920;
				ORGANIZATIONNAME = "Victor Melo";
				TargetAttributes = {
					BEE21EBE204E1B62002464DE = {
						CreatedOnToolsVersion = 9.2;
						ProvisioningStyle = Automatic;
					};
				};
			};
			buildConfigurationList = BEE21EBA204E1B62002464DE /* Build configuration list for PBXProject "SuitabilityChat" */;
			compatibilityVersion = "Xcode 8.0";
			developmentRegion = en;
			hasScannedForEncodings = 0;
			knownRegions = (
				en,
				Base,
			);
			mainGroup = BEE21EB6204E1B62002464DE;
			productRefGroup = BEE21EC0204E1B62002464DE /* Products */;
			projectDirPath = "";
			projectRoot = "";
			targets = (
				BEE21EBE204E1B62002464DE /* SuitabilityChat */,
			);
		};
/* End PBXProject section */

/* Begin PBXResourcesBuildPhase section */
		BEE21EBD204E1B62002464DE /* Resources */ = {
			isa = PBXResourcesBuildPhase;
			buildActionMask = 2147483647;
			files = (
				BEE21ECD204E1B63002464DE /* LaunchScreen.storyboard in Resources */,
				BEE21ECA204E1B63002464DE /* Assets.xcassets in Resources */,
				BEE21EC8204E1B63002464DE /* Main.storyboard in Resources */,
			);
			runOnlyForDeploymentPostprocessing = 0;
		};
/* End PBXResourcesBuildPhase section */

/* Begin PBXShellScriptBuildPhase section */
		BEE21ED4204E1C4B002464DE /* ShellScript */ = {
			isa = PBXShellScriptBuildPhase;
			buildActionMask = 2147483647;
			files = (
			);
			inputPaths = (
			);
			outputPaths = (
			);
			runOnlyForDeploymentPostprocessing = 0;
			shellPath = /bin/sh;
			shellScript = "if which swiftlint >/dev/null; then\nswiftlint\nelse\necho \"warning: SwiftLint not installed, download from https://github.com/realm/SwiftLint\"\nfi";
		};
/* End PBXShellScriptBuildPhase section */

/* Begin PBXSourcesBuildPhase section */
		BEE21EBB204E1B62002464DE /* Sources */ = {
			isa = PBXSourcesBuildPhase;
			buildActionMask = 2147483647;
			files = (
				EE93B0D3204EE04100235DC2 /* MessageView.swift in Sources */,
				BE48711E204E486E0067BE83 /* APILabel.swift in Sources */,
				BEE21EF2204E3613002464DE /* APIRequest.swift in Sources */,
				EE93B0DB204F05CF00235DC2 /* UITextField.swift in Sources */,
				EE93B0CD204ED2AC00235DC2 /* ChatViewController.swift in Sources */,
				BEE21EE9204E31EE002464DE /* APIButton.swift in Sources */,
				BEE21EC5204E1B62002464DE /* ViewController.swift in Sources */,
				BEE21EE2204E29BA002464DE /* APIMessage.swift in Sources */,
				EE93B0DD204F062800235DC2 /* MessageTextParser.swift in Sources */,
				BEE21EEB204E3239002464DE /* APIInput.swift in Sources */,
				BEE21EC3204E1B62002464DE /* AppDelegate.swift in Sources */,
				BEE21EEE204E32DD002464DE /* APIResponse.swift in Sources */,
				EE93B0D6204EE26900235DC2 /* UserMessageView.swift in Sources */,
				BEE21EE6204E2F68002464DE /* ChatManager.swift in Sources */,
			);
			runOnlyForDeploymentPostprocessing = 0;
		};
/* End PBXSourcesBuildPhase section */

/* Begin PBXVariantGroup section */
		BEE21EC6204E1B63002464DE /* Main.storyboard */ = {
			isa = PBXVariantGroup;
			children = (
				BEE21EC7204E1B63002464DE /* Base */,
			);
			name = Main.storyboard;
			sourceTree = "<group>";
		};
		BEE21ECB204E1B63002464DE /* LaunchScreen.storyboard */ = {
			isa = PBXVariantGroup;
			children = (
				BEE21ECC204E1B63002464DE /* Base */,
			);
			name = LaunchScreen.storyboard;
			sourceTree = "<group>";
		};
/* End PBXVariantGroup section */

/* Begin XCBuildConfiguration section */
		BEE21ECF204E1B63002464DE /* Debug */ = {
			isa = XCBuildConfiguration;
			buildSettings = {
				ALWAYS_SEARCH_USER_PATHS = NO;
				CLANG_ANALYZER_NONNULL = YES;
				CLANG_ANALYZER_NUMBER_OBJECT_CONVERSION = YES_AGGRESSIVE;
				CLANG_CXX_LANGUAGE_STANDARD = "gnu++14";
				CLANG_CXX_LIBRARY = "libc++";
				CLANG_ENABLE_MODULES = YES;
				CLANG_ENABLE_OBJC_ARC = YES;
				CLANG_WARN_BLOCK_CAPTURE_AUTORELEASING = YES;
				CLANG_WARN_BOOL_CONVERSION = YES;
				CLANG_WARN_COMMA = YES;
				CLANG_WARN_CONSTANT_CONVERSION = YES;
				CLANG_WARN_DIRECT_OBJC_ISA_USAGE = YES_ERROR;
				CLANG_WARN_DOCUMENTATION_COMMENTS = YES;
				CLANG_WARN_EMPTY_BODY = YES;
				CLANG_WARN_ENUM_CONVERSION = YES;
				CLANG_WARN_INFINITE_RECURSION = YES;
				CLANG_WARN_INT_CONVERSION = YES;
				CLANG_WARN_NON_LITERAL_NULL_CONVERSION = YES;
				CLANG_WARN_OBJC_LITERAL_CONVERSION = YES;
				CLANG_WARN_OBJC_ROOT_CLASS = YES_ERROR;
				CLANG_WARN_RANGE_LOOP_ANALYSIS = YES;
				CLANG_WARN_STRICT_PROTOTYPES = YES;
				CLANG_WARN_SUSPICIOUS_MOVE = YES;
				CLANG_WARN_UNGUARDED_AVAILABILITY = YES_AGGRESSIVE;
				CLANG_WARN_UNREACHABLE_CODE = YES;
				CLANG_WARN__DUPLICATE_METHOD_MATCH = YES;
				CODE_SIGN_IDENTITY = "iPhone Developer";
				COPY_PHASE_STRIP = NO;
				DEBUG_INFORMATION_FORMAT = dwarf;
				ENABLE_STRICT_OBJC_MSGSEND = YES;
				ENABLE_TESTABILITY = YES;
				GCC_C_LANGUAGE_STANDARD = gnu11;
				GCC_DYNAMIC_NO_PIC = NO;
				GCC_NO_COMMON_BLOCKS = YES;
				GCC_OPTIMIZATION_LEVEL = 0;
				GCC_PREPROCESSOR_DEFINITIONS = (
					"DEBUG=1",
					"$(inherited)",
				);
				GCC_WARN_64_TO_32_BIT_CONVERSION = YES;
				GCC_WARN_ABOUT_RETURN_TYPE = YES_ERROR;
				GCC_WARN_UNDECLARED_SELECTOR = YES;
				GCC_WARN_UNINITIALIZED_AUTOS = YES_AGGRESSIVE;
				GCC_WARN_UNUSED_FUNCTION = YES;
				GCC_WARN_UNUSED_VARIABLE = YES;
				IPHONEOS_DEPLOYMENT_TARGET = 11.2;
				MTL_ENABLE_DEBUG_INFO = YES;
				ONLY_ACTIVE_ARCH = YES;
				SDKROOT = iphoneos;
				SWIFT_ACTIVE_COMPILATION_CONDITIONS = DEBUG;
				SWIFT_OPTIMIZATION_LEVEL = "-Onone";
			};
			name = Debug;
		};
		BEE21ED0204E1B63002464DE /* Release */ = {
			isa = XCBuildConfiguration;
			buildSettings = {
				ALWAYS_SEARCH_USER_PATHS = NO;
				CLANG_ANALYZER_NONNULL = YES;
				CLANG_ANALYZER_NUMBER_OBJECT_CONVERSION = YES_AGGRESSIVE;
				CLANG_CXX_LANGUAGE_STANDARD = "gnu++14";
				CLANG_CXX_LIBRARY = "libc++";
				CLANG_ENABLE_MODULES = YES;
				CLANG_ENABLE_OBJC_ARC = YES;
				CLANG_WARN_BLOCK_CAPTURE_AUTORELEASING = YES;
				CLANG_WARN_BOOL_CONVERSION = YES;
				CLANG_WARN_COMMA = YES;
				CLANG_WARN_CONSTANT_CONVERSION = YES;
				CLANG_WARN_DIRECT_OBJC_ISA_USAGE = YES_ERROR;
				CLANG_WARN_DOCUMENTATION_COMMENTS = YES;
				CLANG_WARN_EMPTY_BODY = YES;
				CLANG_WARN_ENUM_CONVERSION = YES;
				CLANG_WARN_INFINITE_RECURSION = YES;
				CLANG_WARN_INT_CONVERSION = YES;
				CLANG_WARN_NON_LITERAL_NULL_CONVERSION = YES;
				CLANG_WARN_OBJC_LITERAL_CONVERSION = YES;
				CLANG_WARN_OBJC_ROOT_CLASS = YES_ERROR;
				CLANG_WARN_RANGE_LOOP_ANALYSIS = YES;
				CLANG_WARN_STRICT_PROTOTYPES = YES;
				CLANG_WARN_SUSPICIOUS_MOVE = YES;
				CLANG_WARN_UNGUARDED_AVAILABILITY = YES_AGGRESSIVE;
				CLANG_WARN_UNREACHABLE_CODE = YES;
				CLANG_WARN__DUPLICATE_METHOD_MATCH = YES;
				CODE_SIGN_IDENTITY = "iPhone Developer";
				COPY_PHASE_STRIP = NO;
				DEBUG_INFORMATION_FORMAT = "dwarf-with-dsym";
				ENABLE_NS_ASSERTIONS = NO;
				ENABLE_STRICT_OBJC_MSGSEND = YES;
				GCC_C_LANGUAGE_STANDARD = gnu11;
				GCC_NO_COMMON_BLOCKS = YES;
				GCC_WARN_64_TO_32_BIT_CONVERSION = YES;
				GCC_WARN_ABOUT_RETURN_TYPE = YES_ERROR;
				GCC_WARN_UNDECLARED_SELECTOR = YES;
				GCC_WARN_UNINITIALIZED_AUTOS = YES_AGGRESSIVE;
				GCC_WARN_UNUSED_FUNCTION = YES;
				GCC_WARN_UNUSED_VARIABLE = YES;
				IPHONEOS_DEPLOYMENT_TARGET = 11.2;
				MTL_ENABLE_DEBUG_INFO = NO;
				SDKROOT = iphoneos;
				SWIFT_OPTIMIZATION_LEVEL = "-Owholemodule";
				VALIDATE_PRODUCT = YES;
			};
			name = Release;
		};
		BEE21ED2204E1B63002464DE /* Debug */ = {
			isa = XCBuildConfiguration;
			buildSettings = {
				ASSETCATALOG_COMPILER_APPICON_NAME = AppIcon;
				CODE_SIGN_STYLE = Automatic;
				DEVELOPMENT_TEAM = Y93HUJS49V;
				FRAMEWORK_SEARCH_PATHS = (
					"$(inherited)",
					"$(PROJECT_DIR)/Carthage/Build/iOS",
				);
				INFOPLIST_FILE = "SuitabilityChat/Supporting Files/Info.plist";
				LD_RUNPATH_SEARCH_PATHS = "$(inherited) @executable_path/Frameworks";
				PRODUCT_BUNDLE_IDENTIFIER = br.com.victormelo.SuitabilityChat;
				PRODUCT_NAME = "$(TARGET_NAME)";
				SWIFT_VERSION = 4.0;
				TARGETED_DEVICE_FAMILY = "1,2";
			};
			name = Debug;
		};
		BEE21ED3204E1B63002464DE /* Release */ = {
			isa = XCBuildConfiguration;
			buildSettings = {
				ASSETCATALOG_COMPILER_APPICON_NAME = AppIcon;
				CODE_SIGN_STYLE = Automatic;
				DEVELOPMENT_TEAM = Y93HUJS49V;
				FRAMEWORK_SEARCH_PATHS = (
					"$(inherited)",
					"$(PROJECT_DIR)/Carthage/Build/iOS",
				);
				INFOPLIST_FILE = "SuitabilityChat/Supporting Files/Info.plist";
				LD_RUNPATH_SEARCH_PATHS = "$(inherited) @executable_path/Frameworks";
				PRODUCT_BUNDLE_IDENTIFIER = br.com.victormelo.SuitabilityChat;
				PRODUCT_NAME = "$(TARGET_NAME)";
				SWIFT_VERSION = 4.0;
				TARGETED_DEVICE_FAMILY = "1,2";
			};
			name = Release;
		};
/* End XCBuildConfiguration section */

/* Begin XCConfigurationList section */
		BEE21EBA204E1B62002464DE /* Build configuration list for PBXProject "SuitabilityChat" */ = {
			isa = XCConfigurationList;
			buildConfigurations = (
				BEE21ECF204E1B63002464DE /* Debug */,
				BEE21ED0204E1B63002464DE /* Release */,
			);
			defaultConfigurationIsVisible = 0;
			defaultConfigurationName = Release;
		};
		BEE21ED1204E1B63002464DE /* Build configuration list for PBXNativeTarget "SuitabilityChat" */ = {
			isa = XCConfigurationList;
			buildConfigurations = (
				BEE21ED2204E1B63002464DE /* Debug */,
				BEE21ED3204E1B63002464DE /* Release */,
			);
			defaultConfigurationIsVisible = 0;
			defaultConfigurationName = Release;
		};
/* End XCConfigurationList section */
	};
	rootObject = BEE21EB7204E1B62002464DE /* Project object */;
}
